<?xml version="1.0" encoding="utf-8"?>
<Project ToolsVersion="4.0" xmlns="http://schemas.microsoft.com/developer/msbuild/2003">
  <ItemGroup>
    <Filter Include="Source Files">
      <UniqueIdentifier>{4FC737F1-C7A5-4376-A066-2A32D752A2FF}</UniqueIdentifier>
      <Extensions>cpp;c;cc;cxx;def;odl;idl;hpj;bat;asm;asmx</Extensions>
    </Filter>
    <Filter Include="Header Files">
      <UniqueIdentifier>{93995380-89BD-4b04-88EB-625FBE52EBFB}</UniqueIdentifier>
      <Extensions>h;hh;hpp;hxx;hm;inl;inc;xsd</Extensions>
    </Filter>
    <Filter Include="Resource Files">
      <UniqueIdentifier>{67DA6AB6-F800-4c08-8B7A-83BB121AAD01}</UniqueIdentifier>
      <Extensions>rc;ico;cur;bmp;dlg;rc2;rct;bin;rgs;gif;jpg;jpeg;jpe;resx;tiff;tif;png;wav;mfcribbon-ms</Extensions>
    </Filter>
  </ItemGroup>
  <ItemGroup>
    <ClCompile Include="Main.cpp">
      <Filter>Source Files</Filter>
    </ClCompile>
  </ItemGroup>
  <ItemGroup>
    <None Include="TSPLIB\bier127.tsp" />
    <None Include="TSPLIB\ch130.tsp" />
    <None Include="TSPLIB\eil51.tsp" />
    <None Include="TSPLIB\kroA150.tsp" />
    <None Include="TSPLIB\kroA200.tsp" />
    <None Include="TSPLIB\kroB150.tsp" />
    <None Include="TSPLIB\kroB200.tsp" />
    <None Include="TSPLIB\lin105.tsp" />
    <None Include="TSPLIB\pr76.tsp" />
    <None Include="TSPLIB\pr107.tsp" />
    <None Include="TSPLIB\pr136.tsp" />
    <None Include="TSPLIB\pr144.tsp" />
    <None Include="TSPLIB\pr152.tsp" />
    <None Include="TSPLIB\pr226.tsp" />
    <None Include="TSPLIB\pr264.tsp" />
    <None Include="TSPLIB\pr299.tsp" />
    <None Include="TSPLIB\rat195.tsp" />
    <None Include="TSPLIB\ts225.tsp" />
    <None Include="TSPLIB\u159.tsp" />
  </ItemGroup>
</Project>